// !$*UTF8*$!
{
	archiveVersion = 1;
	classes = {
	};
	objectVersion = 46;
	objects = {

/* Begin PBXBuildFile section */
		351049481E222A0800DA2ED0 /* AppDelegate.swift in Sources */ = {isa = PBXBuildFile; fileRef = 351049471E222A0800DA2ED0 /* AppDelegate.swift */; };
		3510494A1E222A0800DA2ED0 /* ViewController.swift in Sources */ = {isa = PBXBuildFile; fileRef = 351049491E222A0800DA2ED0 /* ViewController.swift */; };
		3510494D1E222A0800DA2ED0 /* Main.storyboard in Resources */ = {isa = PBXBuildFile; fileRef = 3510494B1E222A0800DA2ED0 /* Main.storyboard */; };
		3510494F1E222A0800DA2ED0 /* Assets.xcassets in Resources */ = {isa = PBXBuildFile; fileRef = 3510494E1E222A0800DA2ED0 /* Assets.xcassets */; };
		351049521E222A0800DA2ED0 /* LaunchScreen.storyboard in Resources */ = {isa = PBXBuildFile; fileRef = 351049501E222A0800DA2ED0 /* LaunchScreen.storyboard */; };
		3510495B1E222EB400DA2ED0 /* EmotionViewViewController.swift in Sources */ = {isa = PBXBuildFile; fileRef = 3510495A1E222EB400DA2ED0 /* EmotionViewViewController.swift */; };
		3510495D1E22422E00DA2ED0 /* UIColor+category.swift in Sources */ = {isa = PBXBuildFile; fileRef = 3510495C1E22422E00DA2ED0 /* UIColor+category.swift */; };
		3510495F1E22673900DA2ED0 /* Emoticons.bundle in Resources */ = {isa = PBXBuildFile; fileRef = 3510495E1E22673900DA2ED0 /* Emoticons.bundle */; };
		351049611E22684100DA2ED0 /* EmotionPackage.swift in Sources */ = {isa = PBXBuildFile; fileRef = 351049601E22684100DA2ED0 /* EmotionPackage.swift */; };
		351D2A141E34F35A004CE543 /* EmoticonTextAttachment.swift in Sources */ = {isa = PBXBuildFile; fileRef = 351D2A131E34F35A004CE543 /* EmoticonTextAttachment.swift */; };
		351D2A161E350700004CE543 /* UITextView+category.swift in Sources */ = {isa = PBXBuildFile; fileRef = 351D2A151E350700004CE543 /* UITextView+category.swift */; };
/* End PBXBuildFile section */

/* Begin PBXFileReference section */
		351049441E222A0800DA2ED0 /* EmotionKeyboard.app */ = {isa = PBXFileReference; explicitFileType = wrapper.application; includeInIndex = 0; path = EmotionKeyboard.app; sourceTree = BUILT_PRODUCTS_DIR; };
		351049471E222A0800DA2ED0 /* AppDelegate.swift */ = {isa = PBXFileReference; lastKnownFileType = sourcecode.swift; path = AppDelegate.swift; sourceTree = "<group>"; };
		351049491E222A0800DA2ED0 /* ViewController.swift */ = {isa = PBXFileReference; lastKnownFileType = sourcecode.swift; path = ViewController.swift; sourceTree = "<group>"; };
		3510494C1E222A0800DA2ED0 /* Base */ = {isa = PBXFileReference; lastKnownFileType = file.storyboard; name = Base; path = Base.lproj/Main.storyboard; sourceTree = "<group>"; };
		3510494E1E222A0800DA2ED0 /* Assets.xcassets */ = {isa = PBXFileReference; lastKnownFileType = folder.assetcatalog; path = Assets.xcassets; sourceTree = "<group>"; };
		351049511E222A0800DA2ED0 /* Base */ = {isa = PBXFileReference; lastKnownFileType = file.storyboard; name = Base; path = Base.lproj/LaunchScreen.storyboard; sourceTree = "<group>"; };
		351049531E222A0800DA2ED0 /* Info.plist */ = {isa = PBXFileReference; lastKnownFileType = text.plist.xml; path = Info.plist; sourceTree = "<group>"; };
		3510495A1E222EB400DA2ED0 /* EmotionViewViewController.swift */ = {isa = PBXFileReference; fileEncoding = 4; lastKnownFileType = sourcecode.swift; path = EmotionViewViewController.swift; sourceTree = "<group>"; };
		3510495C1E22422E00DA2ED0 /* UIColor+category.swift */ = {isa = PBXFileReference; fileEncoding = 4; lastKnownFileType = sourcecode.swift; path = "UIColor+category.swift"; sourceTree = "<group>"; };
		3510495E1E22673900DA2ED0 /* Emoticons.bundle */ = {isa = PBXFileReference; lastKnownFileType = "wrapper.plug-in"; path = Emoticons.bundle; sourceTree = "<group>"; };
		351049601E22684100DA2ED0 /* EmotionPackage.swift */ = {isa = PBXFileReference; fileEncoding = 4; lastKnownFileType = sourcecode.swift; path = EmotionPackage.swift; sourceTree = "<group>"; };
		351D2A131E34F35A004CE543 /* EmoticonTextAttachment.swift */ = {isa = PBXFileReference; fileEncoding = 4; lastKnownFileType = sourcecode.swift; path = EmoticonTextAttachment.swift; sourceTree = "<group>"; };
		351D2A151E350700004CE543 /* UITextView+category.swift */ = {isa = PBXFileReference; fileEncoding = 4; lastKnownFileType = sourcecode.swift; path = "UITextView+category.swift"; sourceTree = "<group>"; };
/* End PBXFileReference section */

/* Begin PBXFrameworksBuildPhase section */
		351049411E222A0700DA2ED0 /* Frameworks */ = {
			isa = PBXFrameworksBuildPhase;
			buildActionMask = 2147483647;
			files = (
			);
			runOnlyForDeploymentPostprocessing = 0;
		};
/* End PBXFrameworksBuildPhase section */

/* Begin PBXGroup section */
		3510493B1E222A0600DA2ED0 = {
			isa = PBXGroup;
			children = (
				351049461E222A0800DA2ED0 /* EmotionKeyboard */,
				351049451E222A0800DA2ED0 /* Products */,
			);
			sourceTree = "<group>";
		};
		351049451E222A0800DA2ED0 /* Products */ = {
			isa = PBXGroup;
			children = (
				351049441E222A0800DA2ED0 /* EmotionKeyboard.app */,
			);
			name = Products;
			sourceTree = "<group>";
		};
		351049461E222A0800DA2ED0 /* EmotionKeyboard */ = {
			isa = PBXGroup;
			children = (
				351049471E222A0800DA2ED0 /* AppDelegate.swift */,
				3510495C1E22422E00DA2ED0 /* UIColor+category.swift */,
				351049591E222E7D00DA2ED0 /* EmotionView */,
				351049491E222A0800DA2ED0 /* ViewController.swift */,
				3510494B1E222A0800DA2ED0 /* Main.storyboard */,
				3510494E1E222A0800DA2ED0 /* Assets.xcassets */,
				351049501E222A0800DA2ED0 /* LaunchScreen.storyboard */,
				351049531E222A0800DA2ED0 /* Info.plist */,
			);
			path = EmotionKeyboard;
			sourceTree = "<group>";
		};
		351049591E222E7D00DA2ED0 /* EmotionView */ = {
			isa = PBXGroup;
			children = (
				3510495E1E22673900DA2ED0 /* Emoticons.bundle */,
				3510495A1E222EB400DA2ED0 /* EmotionViewViewController.swift */,
				351049601E22684100DA2ED0 /* EmotionPackage.swift */,
				351D2A131E34F35A004CE543 /* EmoticonTextAttachment.swift */,
				351D2A151E350700004CE543 /* UITextView+category.swift */,
			);
			path = EmotionView;
			sourceTree = "<group>";
		};
/* End PBXGroup section */

/* Begin PBXNativeTarget section */
		351049431E222A0700DA2ED0 /* EmotionKeyboard */ = {
			isa = PBXNativeTarget;
			buildConfigurationList = 351049561E222A0800DA2ED0 /* Build configuration list for PBXNativeTarget "EmotionKeyboard" */;
			buildPhases = (
				351049401E222A0700DA2ED0 /* Sources */,
				351049411E222A0700DA2ED0 /* Frameworks */,
				351049421E222A0700DA2ED0 /* Resources */,
			);
			buildRules = (
			);
			dependencies = (
			);
			name = EmotionKeyboard;
			productName = EmotionKeyboard;
			productReference = 351049441E222A0800DA2ED0 /* EmotionKeyboard.app */;
			productType = "com.apple.product-type.application";
		};
/* End PBXNativeTarget section */

/* Begin PBXProject section */
		3510493C1E222A0700DA2ED0 /* Project object */ = {
			isa = PBXProject;
			attributes = {
				LastSwiftUpdateCheck = 0820;
				LastUpgradeCheck = 0820;
				ORGANIZATIONNAME = 125154454;
				TargetAttributes = {
					351049431E222A0700DA2ED0 = {
						CreatedOnToolsVersion = 8.2;
						DevelopmentTeam = RH68995ULS;
						ProvisioningStyle = Automatic;
					};
				};
			};
			buildConfigurationList = 3510493F1E222A0700DA2ED0 /* Build configuration list for PBXProject "EmotionKeyboard" */;
			compatibilityVersion = "Xcode 3.2";
			developmentRegion = English;
			hasScannedForEncodings = 0;
			knownRegions = (
				en,
				Base,
			);
			mainGroup = 3510493B1E222A0600DA2ED0;
			productRefGroup = 351049451E222A0800DA2ED0 /* Products */;
			projectDirPath = "";
			projectRoot = "";
			targets = (
				351049431E222A0700DA2ED0 /* EmotionKeyboard */,
			);
		};
/* End PBXProject section */

/* Begin PBXResourcesBuildPhase section */
		351049421E222A0700DA2ED0 /* Resources */ = {
			isa = PBXResourcesBuildPhase;
			buildActionMask = 2147483647;
			files = (
				351049521E222A0800DA2ED0 /* LaunchScreen.storyboard in Resources */,
				3510495F1E22673900DA2ED0 /* Emoticons.bundle in Resources */,
				3510494F1E222A0800DA2ED0 /* Assets.xcassets in Resources */,
				3510494D1E222A0800DA2ED0 /* Main.storyboard in Resources */,
			);
			runOnlyForDeploymentPostprocessing = 0;
		};
/* End PBXResourcesBuildPhase section */

/* Begin PBXSourcesBuildPhase section */
		351049401E222A0700DA2ED0 /* Sources */ = {
			isa = PBXSourcesBuildPhase;
			buildActionMask = 2147483647;
			files = (
				3510494A1E222A0800DA2ED0 /* ViewController.swift in Sources */,
				351049481E222A0800DA2ED0 /* AppDelegate.swift in Sources */,
				351049611E22684100DA2ED0 /* EmotionPackage.swift in Sources */,
				351D2A141E34F35A004CE543 /* EmoticonTextAttachment.swift in Sources */,
				3510495B1E222EB400DA2ED0 /* EmotionViewViewController.swift in Sources */,
				351D2A161E350700004CE543 /* UITextView+category.swift in Sources */,
				3510495D1E22422E00DA2ED0 /* UIColor+category.swift in Sources */,
			);
			runOnlyForDeploymentPostprocessing = 0;
		};
/* End PBXSourcesBuildPhase section */

/* Begin PBXVariantGroup section */
		3510494B1E222A0800DA2ED0 /* Main.storyboard */ = {
			isa = PBXVariantGroup;
			children = (
				3510494C1E222A0800DA2ED0 /* Base */,
			);
			name = Main.storyboard;
			sourceTree = "<group>";
		};
		351049501E222A0800DA2ED0 /* LaunchScreen.storyboard */ = {
			isa = PBXVariantGroup;
			children = (
				351049511E222A0800DA2ED0 /* Base */,
			);
			name = LaunchScreen.storyboard;
			sourceTree = "<group>";
		};
/* End PBXVariantGroup section */

/* Begin XCBuildConfiguration section */
		351049541E222A0800DA2ED0 /* Debug */ = {
			isa = XCBuildConfiguration;
			buildSettings = {
				ALWAYS_SEARCH_USER_PATHS = NO;
				CLANG_ANALYZER_NONNULL = YES;
				CLANG_CXX_LANGUAGE_STANDARD = "gnu++0x";
				CLANG_CXX_LIBRARY = "libc++";
				CLANG_ENABLE_MODULES = YES;
				CLANG_ENABLE_OBJC_ARC = YES;
				CLANG_WARN_BOOL_CONVERSION = YES;
				CLANG_WARN_CONSTANT_CONVERSION = YES;
				CLANG_WARN_DIRECT_OBJC_ISA_USAGE = YES_ERROR;
				CLANG_WARN_DOCUMENTATION_COMMENTS = YES;
				CLANG_WARN_EMPTY_BODY = YES;
				CLANG_WARN_ENUM_CONVERSION = YES;
				CLANG_WARN_INFINITE_RECURSION = YES;
				CLANG_WARN_INT_CONVERSION = YES;
				CLANG_WARN_OBJC_ROOT_CLASS = YES_ERROR;
				CLANG_WARN_SUSPICIOUS_MOVE = YES;
				CLANG_WARN_UNREACHABLE_CODE = YES;
				CLANG_WARN__DUPLICATE_METHOD_MATCH = YES;
				"CODE_SIGN_IDENTITY[sdk=iphoneos*]" = "iPhone Developer";
				COPY_PHASE_STRIP = NO;
				DEBUG_INFORMATION_FORMAT = dwarf;
				ENABLE_STRICT_OBJC_MSGSEND = YES;
				ENABLE_TESTABILITY = YES;
				GCC_C_LANGUAGE_STANDARD = gnu99;
				GCC_DYNAMIC_NO_PIC = NO;
				GCC_NO_COMMON_BLOCKS = YES;
				GCC_OPTIMIZATION_LEVEL = 0;
				GCC_PREPROCESSOR_DEFINITIONS = (
					"DEBUG=1",
					"$(inherited)",
				);
				GCC_WARN_64_TO_32_BIT_CONVERSION = YES;
				GCC_WARN_ABOUT_RETURN_TYPE = YES_ERROR;
				GCC_WARN_UNDECLARED_SELECTOR = YES;
				GCC_WARN_UNINITIALIZED_AUTOS = YES_AGGRESSIVE;
				GCC_WARN_UNUSED_FUNCTION = YES;
				GCC_WARN_UNUSED_VARIABLE = YES;
				IPHONEOS_DEPLOYMENT_TARGET = 10.2;
				MTL_ENABLE_DEBUG_INFO = YES;
				ONLY_ACTIVE_ARCH = YES;
				SDKROOT = iphoneos;
				SWIFT_ACTIVE_COMPILATION_CONDITIONS = DEBUG;
				SWIFT_OPTIMIZATION_LEVEL = "-Onone";
				TARGETED_DEVICE_FAMILY = "1,2";
			};
			name = Debug;
		};
		351049551E222A0800DA2ED0 /* Release */ = {
			isa = XCBuildConfiguration;
			buildSettings = {
				ALWAYS_SEARCH_USER_PATHS = NO;
				CLANG_ANALYZER_NONNULL = YES;
				CLANG_CXX_LANGUAGE_STANDARD = "gnu++0x";
				CLANG_CXX_LIBRARY = "libc++";
				CLANG_ENABLE_MODULES = YES;
				CLANG_ENABLE_OBJC_ARC = YES;
				CLANG_WARN_BOOL_CONVERSION = YES;
				CLANG_WARN_CONSTANT_CONVERSION = YES;
				CLANG_WARN_DIRECT_OBJC_ISA_USAGE = YES_ERROR;
				CLANG_WARN_DOCUMENTATION_COMMENTS = YES;
				CLANG_WARN_EMPTY_BODY = YES;
				CLANG_WARN_ENUM_CONVERSION = YES;
				CLANG_WARN_INFINITE_RECURSION = YES;
				CLANG_WARN_INT_CONVERSION = YES;
				CLANG_WARN_OBJC_ROOT_CLASS = YES_ERROR;
				CLANG_WARN_SUSPICIOUS_MOVE = YES;
				CLANG_WARN_UNREACHABLE_CODE = YES;
				CLANG_WARN__DUPLICATE_METHOD_MATCH = YES;
				"CODE_SIGN_IDENTITY[sdk=iphoneos*]" = "iPhone Developer";
				COPY_PHASE_STRIP = NO;
				DEBUG_INFORMATION_FORMAT = "dwarf-with-dsym";
				ENABLE_NS_ASSERTIONS = NO;
				ENABLE_STRICT_OBJC_MSGSEND = YES;
				GCC_C_LANGUAGE_STANDARD = gnu99;
				GCC_NO_COMMON_BLOCKS = YES;
				GCC_WARN_64_TO_32_BIT_CONVERSION = YES;
				GCC_WARN_ABOUT_RETURN_TYPE = YES_ERROR;
				GCC_WARN_UNDECLARED_SELECTOR = YES;
				GCC_WARN_UNINITIALIZED_AUTOS = YES_AGGRESSIVE;
				GCC_WARN_UNUSED_FUNCTION = YES;
				GCC_WARN_UNUSED_VARIABLE = YES;
				IPHONEOS_DEPLOYMENT_TARGET = 10.2;
				MTL_ENABLE_DEBUG_INFO = NO;
				SDKROOT = iphoneos;
				SWIFT_OPTIMIZATION_LEVEL = "-Owholemodule";
				TARGETED_DEVICE_FAMILY = "1,2";
				VALIDATE_PRODUCT = YES;
			};
			name = Release;
		};
		351049571E222A0800DA2ED0 /* Debug */ = {
			isa = XCBuildConfiguration;
			buildSettings = {
				ASSETCATALOG_COMPILER_APPICON_NAME = AppIcon;
				DEVELOPMENT_TEAM = RH68995ULS;
				INFOPLIST_FILE = EmotionKeyboard/Info.plist;
				LD_RUNPATH_SEARCH_PATHS = "$(inherited) @executable_path/Frameworks";
				PRODUCT_BUNDLE_IDENTIFIER = awang007.EmotionKeyboard;
				PRODUCT_NAME = "$(TARGET_NAME)";
				SWIFT_VERSION = 3.0;
			};
			name = Debug;
		};
		351049581E222A0800DA2ED0 /* Release */ = {
			isa = XCBuildConfiguration;
			buildSettings = {
				ASSETCATALOG_COMPILER_APPICON_NAME = AppIcon;
				DEVELOPMENT_TEAM = RH68995ULS;
				INFOPLIST_FILE = EmotionKeyboard/Info.plist;
				LD_RUNPATH_SEARCH_PATHS = "$(inherited) @executable_path/Frameworks";
				PRODUCT_BUNDLE_IDENTIFIER = awang007.EmotionKeyboard;
				PRODUCT_NAME = "$(TARGET_NAME)";
				SWIFT_VERSION = 3.0;
			};
			name = Release;
		};
/* End XCBuildConfiguration section */

/* Begin XCConfigurationList section */
		3510493F1E222A0700DA2ED0 /* Build configuration list for PBXProject "EmotionKeyboard" */ = {
			isa = XCConfigurationList;
			buildConfigurations = (
				351049541E222A0800DA2ED0 /* Debug */,
				351049551E222A0800DA2ED0 /* Release */,
			);
			defaultConfigurationIsVisible = 0;
			defaultConfigurationName = Release;
		};
		351049561E222A0800DA2ED0 /* Build configuration list for PBXNativeTarget "EmotionKeyboard" */ = {
			isa = XCConfigurationList;
			buildConfigurations = (
				351049571E222A0800DA2ED0 /* Debug */,
				351049581E222A0800DA2ED0 /* Release */,
			);
			defaultConfigurationIsVisible = 0;
			defaultConfigurationName = Release;
		};
/* End XCConfigurationList section */
	};
	rootObject = 3510493C1E222A0700DA2ED0 /* Project object */;
}
